
Microsoft Visual Studio Solution File, Format Version 12.00
# Visual Studio Version 16
VisualStudioVersion = 16.0.34114.132
MinimumVisualStudioVersion = 10.0.40219.1
Project("{FAE04EC0-301F-11D3-BF4B-00C04F79EFBC}") = "BankAccManSys", "BankAccManSys.csproj", "{6163717B-BA6B-4DA8-9476-12FDD9F5E8FD}"
EndProject
Global
	GlobalSection(SolutionConfigurationPlatforms) = preSolution
		Debug|Any CPU = Debug|Any CPU
		Release|Any CPU = Release|Any CPU
	EndGlobalSection
	GlobalSection(ProjectConfigurationPlatforms) = postSolution
		{6163717B-BA6B-4DA8-9476-12FDD9F5E8FD}.Debug|Any CPU.ActiveCfg = Debug|Any CPU
		{6163717B-BA6B-4DA8-9476-12FDD9F5E8FD}.Debug|Any CPU.Build.0 = Debug|Any CPU
		{6163717B-BA6B-4DA8-9476-12FDD9F5E8FD}.Release|Any CPU.ActiveCfg = Release|Any CPU
		{6163717B-BA6B-4DA8-9476-12FDD9F5E8FD}.Release|Any CPU.Build.0 = Release|Any CPU
	EndGlobalSection
	GlobalSection(SolutionProperties) = preSolution
		HideSolutionNode = FALSE
	EndGlobalSection
	GlobalSection(ExtensibilityGlobals) = postSolution
		SolutionGuid = {3BA8F603-732C-49DC-99E6-886E925D7FFE}
	EndGlobalSection
EndGlobal
