
Microsoft Visual Studio Solution File, Format Version 12.00
# Visual Studio Version 16
VisualStudioVersion = 16.0.34114.132
MinimumVisualStudioVersion = 10.0.40219.1
Project("{FAE04EC0-301F-11D3-BF4B-00C04F79EFBC}") = "Online_Store_Discount_Calculator", "Online_Store_Discount_Calculator.csproj", "{CC0AF2F3-81B0-41DF-84BF-43DDD0774DD5}"
EndProject
Global
	GlobalSection(SolutionConfigurationPlatforms) = preSolution
		Debug|Any CPU = Debug|Any CPU
		Release|Any CPU = Release|Any CPU
	EndGlobalSection
	GlobalSection(ProjectConfigurationPlatforms) = postSolution
		{CC0AF2F3-81B0-41DF-84BF-43DDD0774DD5}.Debug|Any CPU.ActiveCfg = Debug|Any CPU
		{CC0AF2F3-81B0-41DF-84BF-43DDD0774DD5}.Debug|Any CPU.Build.0 = Debug|Any CPU
		{CC0AF2F3-81B0-41DF-84BF-43DDD0774DD5}.Release|Any CPU.ActiveCfg = Release|Any CPU
		{CC0AF2F3-81B0-41DF-84BF-43DDD0774DD5}.Release|Any CPU.Build.0 = Release|Any CPU
	EndGlobalSection
	GlobalSection(SolutionProperties) = preSolution
		HideSolutionNode = FALSE
	EndGlobalSection
	GlobalSection(ExtensibilityGlobals) = postSolution
		SolutionGuid = {8C3313D1-9D89-4CAF-8A39-269C20CCCA30}
	EndGlobalSection
EndGlobal
